
Microsoft Visual Studio Solution File, Format Version 12.00
# Visual Studio 15
VisualStudioVersion = 15.0.28307.1433
MinimumVisualStudioVersion = 10.0.40219.1
Project("{8BC9CEB8-8B4A-11D0-8D11-00A0C91BC942}") = "InformationHiding", "InformationHiding\InformationHiding.vcxproj", "{3DCDFE53-8DA3-4DEB-9660-F02FF2B2A881}"
EndProject
Global
	GlobalSection(SolutionConfigurationPlatforms) = preSolution
		Debug|x64 = Debug|x64
		Debug|x86 = Debug|x86
		Release|x64 = Release|x64
		Release|x86 = Release|x86
	EndGlobalSection
	GlobalSection(ProjectConfigurationPlatforms) = postSolution
		{3DCDFE53-8DA3-4DEB-9660-F02FF2B2A881}.Debug|x64.ActiveCfg = Debug|x64
		{3DCDFE53-8DA3-4DEB-9660-F02FF2B2A881}.Debug|x64.Build.0 = Debug|x64
		{3DCDFE53-8DA3-4DEB-9660-F02FF2B2A881}.Debug|x86.ActiveCfg = Debug|Win32
		{3DCDFE53-8DA3-4DEB-9660-F02FF2B2A881}.Debug|x86.Build.0 = Debug|Win32
		{3DCDFE53-8DA3-4DEB-9660-F02FF2B2A881}.Release|x64.ActiveCfg = Release|x64
		{3DCDFE53-8DA3-4DEB-9660-F02FF2B2A881}.Release|x64.Build.0 = Release|x64
		{3DCDFE53-8DA3-4DEB-9660-F02FF2B2A881}.Release|x86.ActiveCfg = Release|Win32
		{3DCDFE53-8DA3-4DEB-9660-F02FF2B2A881}.Release|x86.Build.0 = Release|Win32
	EndGlobalSection
	GlobalSection(SolutionProperties) = preSolution
		HideSolutionNode = FALSE
	EndGlobalSection
	GlobalSection(ExtensibilityGlobals) = postSolution
		SolutionGuid = {4B8BBD88-9B16-4306-A780-18B83D73478C}
	EndGlobalSection
EndGlobal
