
Microsoft Visual Studio Solution File, Format Version 12.00
# Visual Studio 15
Project("{FAE04EC0-301F-11D3-BF4B-00C04F79EFBC}") = "Assembly-CSharp", "Assembly-CSharp.csproj", "{9AAD6682-E382-E636-CC28-1FC4B5CD8745}"
EndProject
Project("{FAE04EC0-301F-11D3-BF4B-00C04F79EFBC}") = "Assembly-CSharp-Editor", "Assembly-CSharp-Editor.csproj", "{94B0DBDE-3858-8F17-22CF-ACD3F2A5540A}"
EndProject
Global
	GlobalSection(SolutionConfigurationPlatforms) = preSolution
		Debug|Any CPU = Debug|Any CPU
		Release|Any CPU = Release|Any CPU
	EndGlobalSection
	GlobalSection(ProjectConfigurationPlatforms) = postSolution
		{9AAD6682-E382-E636-CC28-1FC4B5CD8745}.Debug|Any CPU.ActiveCfg = Debug|Any CPU
		{9AAD6682-E382-E636-CC28-1FC4B5CD8745}.Debug|Any CPU.Build.0 = Debug|Any CPU
		{9AAD6682-E382-E636-CC28-1FC4B5CD8745}.Release|Any CPU.ActiveCfg = Release|Any CPU
		{9AAD6682-E382-E636-CC28-1FC4B5CD8745}.Release|Any CPU.Build.0 = Release|Any CPU
		{94B0DBDE-3858-8F17-22CF-ACD3F2A5540A}.Debug|Any CPU.ActiveCfg = Debug|Any CPU
		{94B0DBDE-3858-8F17-22CF-ACD3F2A5540A}.Debug|Any CPU.Build.0 = Debug|Any CPU
		{94B0DBDE-3858-8F17-22CF-ACD3F2A5540A}.Release|Any CPU.ActiveCfg = Release|Any CPU
		{94B0DBDE-3858-8F17-22CF-ACD3F2A5540A}.Release|Any CPU.Build.0 = Release|Any CPU
	EndGlobalSection
	GlobalSection(SolutionProperties) = preSolution
		HideSolutionNode = FALSE
	EndGlobalSection
EndGlobal
