
Microsoft Visual Studio Solution File, Format Version 11.00
# Visual Studio 2010
Project("{FAE04EC0-301F-11D3-BF4B-00C04F79EFBC}") = "Assembly-CSharp", "Assembly-CSharp.csproj", "{7F10853D-86DD-0FE7-0B58-A15217259358}"
EndProject
Project("{FAE04EC0-301F-11D3-BF4B-00C04F79EFBC}") = "Assembly-CSharp-Editor", "Assembly-CSharp-Editor.csproj", "{AB73C620-E7FC-AD40-B94B-BADC3F54A1E1}"
EndProject
Global
	GlobalSection(SolutionConfigurationPlatforms) = preSolution
		Debug|Any CPU = Debug|Any CPU
		Release|Any CPU = Release|Any CPU
	EndGlobalSection
	GlobalSection(ProjectConfigurationPlatforms) = postSolution
		{7F10853D-86DD-0FE7-0B58-A15217259358}.Debug|Any CPU.ActiveCfg = Debug|Any CPU
		{7F10853D-86DD-0FE7-0B58-A15217259358}.Debug|Any CPU.Build.0 = Debug|Any CPU
		{7F10853D-86DD-0FE7-0B58-A15217259358}.Release|Any CPU.ActiveCfg = Release|Any CPU
		{7F10853D-86DD-0FE7-0B58-A15217259358}.Release|Any CPU.Build.0 = Release|Any CPU
		{AB73C620-E7FC-AD40-B94B-BADC3F54A1E1}.Debug|Any CPU.ActiveCfg = Debug|Any CPU
		{AB73C620-E7FC-AD40-B94B-BADC3F54A1E1}.Debug|Any CPU.Build.0 = Debug|Any CPU
		{AB73C620-E7FC-AD40-B94B-BADC3F54A1E1}.Release|Any CPU.ActiveCfg = Release|Any CPU
		{AB73C620-E7FC-AD40-B94B-BADC3F54A1E1}.Release|Any CPU.Build.0 = Release|Any CPU
	EndGlobalSection
	GlobalSection(SolutionProperties) = preSolution
		HideSolutionNode = FALSE
	EndGlobalSection
EndGlobal
