
Microsoft Visual Studio Solution File, Format Version 12.00
# Visual Studio 15
Project("{FAE04EC0-301F-11D3-BF4B-00C04F79EFBC}") = "Assembly-CSharp", "Assembly-CSharp.csproj", "{EFA98BF1-AA53-2142-165B-3861487F2D45}"
EndProject
Project("{FAE04EC0-301F-11D3-BF4B-00C04F79EFBC}") = "Assembly-CSharp-Editor", "Assembly-CSharp-Editor.csproj", "{E8BF2CFE-223D-6BA1-3CE2-D90A7170C01F}"
EndProject
Global
	GlobalSection(SolutionConfigurationPlatforms) = preSolution
		Debug|Any CPU = Debug|Any CPU
		Release|Any CPU = Release|Any CPU
	EndGlobalSection
	GlobalSection(ProjectConfigurationPlatforms) = postSolution
		{EFA98BF1-AA53-2142-165B-3861487F2D45}.Debug|Any CPU.ActiveCfg = Debug|Any CPU
		{EFA98BF1-AA53-2142-165B-3861487F2D45}.Debug|Any CPU.Build.0 = Debug|Any CPU
		{EFA98BF1-AA53-2142-165B-3861487F2D45}.Release|Any CPU.ActiveCfg = Release|Any CPU
		{EFA98BF1-AA53-2142-165B-3861487F2D45}.Release|Any CPU.Build.0 = Release|Any CPU
		{E8BF2CFE-223D-6BA1-3CE2-D90A7170C01F}.Debug|Any CPU.ActiveCfg = Debug|Any CPU
		{E8BF2CFE-223D-6BA1-3CE2-D90A7170C01F}.Debug|Any CPU.Build.0 = Debug|Any CPU
		{E8BF2CFE-223D-6BA1-3CE2-D90A7170C01F}.Release|Any CPU.ActiveCfg = Release|Any CPU
		{E8BF2CFE-223D-6BA1-3CE2-D90A7170C01F}.Release|Any CPU.Build.0 = Release|Any CPU
	EndGlobalSection
	GlobalSection(SolutionProperties) = preSolution
		HideSolutionNode = FALSE
	EndGlobalSection
EndGlobal
